
Microsoft Visual Studio Solution File, Format Version 12.00
# Visual Studio 15
VisualStudioVersion = 15.0.26430.14
MinimumVisualStudioVersion = 10.0.40219.1
Project("{FAE04EC0-301F-11D3-BF4B-00C04F79EFBC}") = "Ada.Main", "Ada.Main\Ada.Main.csproj", "{F718A048-DC91-4344-9BF8-B8E1DA62EB7C}"
	ProjectSection(ProjectDependencies) = postProject
		{3DB68CB3-3A0C-4667-A20C-A62D1E02B4C3} = {3DB68CB3-3A0C-4667-A20C-A62D1E02B4C3}
	EndProjectSection
EndProject
Project("{FAE04EC0-301F-11D3-BF4B-00C04F79EFBC}") = "Ada.Core", "Ada.Core\Ada.Core.csproj", "{5E104C26-9269-4EEC-B910-7E3EE7C3AEE9}"
	ProjectSection(ProjectDependencies) = postProject
		{E7F28E50-CACB-4BCD-AA06-FF4BE312FB4D} = {E7F28E50-CACB-4BCD-AA06-FF4BE312FB4D}
		{D1A00354-8FDB-4876-8FB7-62E53264B077} = {D1A00354-8FDB-4876-8FB7-62E53264B077}
		{B1436C6B-ABC3-45F9-B216-F5C3AD0C2478} = {B1436C6B-ABC3-45F9-B216-F5C3AD0C2478}
		{3A99246C-3868-4B96-BB55-F4E78B394A76} = {3A99246C-3868-4B96-BB55-F4E78B394A76}
		{ABF39E6C-AAC5-4889-9212-C1FE3209970B} = {ABF39E6C-AAC5-4889-9212-C1FE3209970B}
		{2227C382-2454-4EBE-B8D0-15AF33D01562} = {2227C382-2454-4EBE-B8D0-15AF33D01562}
		{CC6DED88-316E-430E-8F62-744766BF93CA} = {CC6DED88-316E-430E-8F62-744766BF93CA}
		{5F0E76B4-EFB6-4D36-8476-1599CFD6F3B6} = {5F0E76B4-EFB6-4D36-8476-1599CFD6F3B6}
		{126225B6-C69B-4A69-AFF5-6EEB3C3C964B} = {126225B6-C69B-4A69-AFF5-6EEB3C3C964B}
		{631C75F8-E1D5-423A-8D06-F5DDD07D217B} = {631C75F8-E1D5-423A-8D06-F5DDD07D217B}
		{67F9FCFF-7AAA-4765-AB11-12349402DD50} = {67F9FCFF-7AAA-4765-AB11-12349402DD50}
	EndProjectSection
EndProject
Project("{2150E333-8FDC-42A3-9474-1A3956D46DE8}") = "Solution Items", "Solution Items", "{22DF35B8-05C5-465C-B6EE-581BFFDD8F22}"
	ProjectSection(SolutionItems) = preProject
		.runsettings = .runsettings
		NuGet.Config = NuGet.Config
		README.md = README.md
	EndProjectSection
EndProject
Project("{930C7802-8A8C-48F9-8165-68863BCCD9DD}") = "Ada.Installer", "Ada.Installer\Ada.Installer.wixproj", "{0CAC8293-953B-427C-AF1B-696F17C9B3C0}"
	ProjectSection(ProjectDependencies) = postProject
		{F718A048-DC91-4344-9BF8-B8E1DA62EB7C} = {F718A048-DC91-4344-9BF8-B8E1DA62EB7C}
	EndProjectSection
EndProject
Project("{FAE04EC0-301F-11D3-BF4B-00C04F79EFBC}") = "Ra.Common", "Ra.Common\Ra.Common.csproj", "{E7F28E50-CACB-4BCD-AA06-FF4BE312FB4D}"
EndProject
Project("{FAE04EC0-301F-11D3-BF4B-00C04F79EFBC}") = "Ra.DomainEntities", "Ra.DomainEntities\Ra.DomainEntities.csproj", "{67F9FCFF-7AAA-4765-AB11-12349402DD50}"
EndProject
Project("{FAE04EC0-301F-11D3-BF4B-00C04F79EFBC}") = "Ra.EntityExtensions", "Ra.EntityExtensions\Ra.EntityExtensions.csproj", "{ABF39E6C-AAC5-4889-9212-C1FE3209970B}"
EndProject
Project("{FAE04EC0-301F-11D3-BF4B-00C04F79EFBC}") = "Ra.EntityMappings.NHibernate", "Ra.EntityMappings.NHibernate\Ra.EntityMappings.NHibernate.csproj", "{126225B6-C69B-4A69-AFF5-6EEB3C3C964B}"
EndProject
Project("{FAE04EC0-301F-11D3-BF4B-00C04F79EFBC}") = "Ada.Test.AutoRunTestsuite", "Ada.Test.AutoRunTestsuite\Ada.Test.AutoRunTestsuite.csproj", "{0A977BA0-EBD1-4775-BF86-17D74BDC3F09}"
	ProjectSection(ProjectDependencies) = postProject
		{F718A048-DC91-4344-9BF8-B8E1DA62EB7C} = {F718A048-DC91-4344-9BF8-B8E1DA62EB7C}
	EndProjectSection
EndProject
Project("{FAE04EC0-301F-11D3-BF4B-00C04F79EFBC}") = "Ada.Test.UnitTests", "Ada.Test.UnitTests\Ada.Test.UnitTests.csproj", "{5374B2CB-068D-4C00-ACA2-5120601995FC}"
EndProject
Project("{FAE04EC0-301F-11D3-BF4B-00C04F79EFBC}") = "Ada.UI.Wpf.TableIndexViewer", "Ada.UI.Wpf.TableIndexViewer\Ada.UI.Wpf.TableIndexViewer.csproj", "{53830426-DD08-41D4-9C0E-8F70D53CCAD7}"
	ProjectSection(ProjectDependencies) = postProject
		{5E104C26-9269-4EEC-B910-7E3EE7C3AEE9} = {5E104C26-9269-4EEC-B910-7E3EE7C3AEE9}
	EndProjectSection
EndProject
Project("{FAE04EC0-301F-11D3-BF4B-00C04F79EFBC}") = "Ra.XmlEntities", "Ra.XmlEntities\Ra.XmlEntities.csproj", "{B1436C6B-ABC3-45F9-B216-F5C3AD0C2478}"
EndProject
Project("{FAE04EC0-301F-11D3-BF4B-00C04F79EFBC}") = "Ra.DocumentInvestigator", "Ra.DocumentInvestigator\Ra.DocumentInvestigator.csproj", "{CC6DED88-316E-430E-8F62-744766BF93CA}"
EndProject
Project("{FAE04EC0-301F-11D3-BF4B-00C04F79EFBC}") = "Ada.UI.Winforms", "Ada.UI.Winforms\Ada.UI.Winforms.csproj", "{3DB68CB3-3A0C-4667-A20C-A62D1E02B4C3}"
	ProjectSection(ProjectDependencies) = postProject
		{A5399344-E5E8-4D58-88C0-414BA21EDBB8} = {A5399344-E5E8-4D58-88C0-414BA21EDBB8}
	EndProjectSection
EndProject
Project("{FAE04EC0-301F-11D3-BF4B-00C04F79EFBC}") = "Ada.Test.UI.Wpf.TableIndex", "Ada.Test.UI.Wpf.TableIndex\Ada.Test.UI.Wpf.TableIndex.csproj", "{0D86EFD3-2667-4975-87B4-BA338017BE73}"
EndProject
Project("{2150E333-8FDC-42A3-9474-1A3956D46DE8}") = "Test", "Test", "{54871E1B-3265-475A-8A35-9CAED0DEC16F}"
EndProject
Project("{FAE04EC0-301F-11D3-BF4B-00C04F79EFBC}") = "System.Data.SQLite.ExtraDlls", "System.Data.SQLite.ExtraDlls\System.Data.SQLite.ExtraDlls.csproj", "{631C75F8-E1D5-423A-8D06-F5DDD07D217B}"
EndProject
Project("{FAE04EC0-301F-11D3-BF4B-00C04F79EFBC}") = "Ra.Common.Wpf", "Ra.Common.Wpf\Ra.Common.Wpf.csproj", "{6EFB77E1-A1D4-401A-96B5-AC12F0E718E9}"
EndProject
Project("{FAE04EC0-301F-11D3-BF4B-00C04F79EFBC}") = "Ada.Log.EntityMappings.NHibernate", "Ada.Log.EntityMappings\Ada.Log.EntityMappings.NHibernate.csproj", "{D1A00354-8FDB-4876-8FB7-62E53264B077}"
EndProject
Project("{FAE04EC0-301F-11D3-BF4B-00C04F79EFBC}") = "Ada.Log.Entities", "Ada.Log.Entities\Ada.Log.Entities.csproj", "{5F0E76B4-EFB6-4D36-8476-1599CFD6F3B6}"
EndProject
Project("{FAE04EC0-301F-11D3-BF4B-00C04F79EFBC}") = "Ada.Log", "Ada.Log\Ada.Log.csproj", "{2227C382-2454-4EBE-B8D0-15AF33D01562}"
	ProjectSection(ProjectDependencies) = postProject
		{3A99246C-3868-4B96-BB55-F4E78B394A76} = {3A99246C-3868-4B96-BB55-F4E78B394A76}
	EndProjectSection
EndProject
Project("{FAE04EC0-301F-11D3-BF4B-00C04F79EFBC}") = "Ada.Repositories", "Ada.Repositories\Ada.Repositories.csproj", "{3A99246C-3868-4B96-BB55-F4E78B394A76}"
EndProject
Project("{2150E333-8FDC-42A3-9474-1A3956D46DE8}") = "Ada.Log", "Ada.Log", "{0955A7C9-0682-4E67-A092-0427F6573593}"
EndProject
Project("{FAE04EC0-301F-11D3-BF4B-00C04F79EFBC}") = "Ada.ActionBase", "Ada.ActionBase\Ada.ActionBase.csproj", "{9C1DF36E-2F87-405A-8C59-DB6CA6A4A067}"
EndProject
Project("{2150E333-8FDC-42A3-9474-1A3956D46DE8}") = "Ada.Actions", "Ada.Actions", "{C2BA1E31-5B56-4287-90AA-5C16B556A668}"
EndProject
Project("{FAE04EC0-301F-11D3-BF4B-00C04F79EFBC}") = "Ada.Actions", "Ada.Actions\Ada.Actions.csproj", "{D360B6E4-787F-4B02-A4A9-8D9010E2CBFE}"
EndProject
Project("{FAE04EC0-301F-11D3-BF4B-00C04F79EFBC}") = "Ada.IndexEntityLoaders", "Ada.IndexEntityLoaders\Ada.IndexEntityLoaders.csproj", "{8881D59C-D1CD-4D0E-8B3E-82CBC1F5488E}"
EndProject
Project("{FAE04EC0-301F-11D3-BF4B-00C04F79EFBC}") = "Ada.SiP", "Ada.SiP\Ada.SiP.csproj", "{04F3ADBA-2674-40F9-83FB-D9F7E5E59B1D}"
EndProject
Project("{FAE04EC0-301F-11D3-BF4B-00C04F79EFBC}") = "Ra.Test.DocumentInvestigator.UnitTests", "Ra.Test.DocumentInvestigator.UnitTests\Ra.Test.DocumentInvestigator.UnitTests.csproj", "{FBE3057E-3843-4EEE-B526-4238350F38B6}"
EndProject
Project("{FAE04EC0-301F-11D3-BF4B-00C04F79EFBC}") = "Ada.Test.UI.Wpf.WorkspaceCleanUp", "Ada.Test.UI.Wpf.WorkspaceCleanUp\Ada.Test.UI.Wpf.WorkspaceCleanUp.csproj", "{AD4ED55A-98EF-4CBA-9F86-A17466F75E98}"
EndProject
Project("{FAE04EC0-301F-11D3-BF4B-00C04F79EFBC}") = "Ada.UI.Wpf.WorkspaceCleanUp", "Ada.UI.Wpf.WorkspaceCleanUp\Ada.UI.Wpf.WorkspaceCleanUp.csproj", "{F8E0D414-3191-4C64-AAC1-B7FB4A857553}"
EndProject
Project("{FAE04EC0-301F-11D3-BF4B-00C04F79EFBC}") = "Ada.Checks", "Ada.Checks\Ada.Checks.csproj", "{BBE4A868-5A00-45F4-B648-D2F2843C2F53}"
EndProject
Project("{2150E333-8FDC-42A3-9474-1A3956D46DE8}") = "Ada.Checks", "Ada.Checks", "{1FE4C134-895C-44D9-AE7D-F12C0D226325}"
EndProject
Project("{FAE04EC0-301F-11D3-BF4B-00C04F79EFBC}") = "Ada.ChecksBase", "AdaChecksBase\Ada.ChecksBase.csproj", "{26ACEBD2-B01E-44AD-B933-E0EF9062853D}"
EndProject
Project("{FAE04EC0-301F-11D3-BF4B-00C04F79EFBC}") = "Ada.UI.Wpf.ProgressManagement", "Ada.UI.Wpf.ProgressManagement\Ada.UI.Wpf.ProgressManagement.csproj", "{A5399344-E5E8-4D58-88C0-414BA21EDBB8}"
EndProject
Project("{FAE04EC0-301F-11D3-BF4B-00C04F79EFBC}") = "Ada.Test.UI.Wpf.ProgressManagement", "Ada.Test.UI.Wpf.ProgressManagement\Ada.Test.UI.Wpf.ProgressManagement.csproj", "{4ED9FC30-4E89-411D-A3CA-C0A8C88A9D82}"
EndProject
Project("{FAE04EC0-301F-11D3-BF4B-00C04F79EFBC}") = "MetaData", "MetaData\MetaData.csproj", "{70873A72-E805-4305-8072-DEC4BC3F109B}"
EndProject
Project("{FAE04EC0-301F-11D3-BF4B-00C04F79EFBC}") = "Ada.Action64", "Ada.Action64\Ada.Action64.csproj", "{7913D2EE-4751-461B-BC0D-79956A01DC48}"
EndProject
Project("{FAE04EC0-301F-11D3-BF4B-00C04F79EFBC}") = "Ada.UI.Wpf.StartWindow", "Ada.UI.Wpf.StartWindow\Ada.UI.Wpf.StartWindow.csproj", "{C3A251B2-E671-496D-AA86-ED30A3814601}"
EndProject
Project("{2150E333-8FDC-42A3-9474-1A3956D46DE8}") = "Ada.UI", "Ada.UI", "{41571D96-457D-41D1-B9DA-F7EA52F1818E}"
EndProject
Project("{8BC9CEB8-8B4A-11D0-8D11-00A0C91BC942}") = "Ada.ShellExtContextMenuHandler", "Ada.ShellExtContextMenuHandler\Ada.ShellExtContextMenuHandler.vcxproj", "{3D1EDCCE-C4D7-4E77-9E1C-1A689D188A9A}"
EndProject
Project("{FAE04EC0-301F-11D3-BF4B-00C04F79EFBC}") = "Ada.UI.Wpf.Text", "Ada.UI.Wpf.Text\Ada.UI.Wpf.Text.csproj", "{DBBA6BD2-A530-4963-AB55-28DC09792428}"
EndProject
Project("{FAE04EC0-301F-11D3-BF4B-00C04F79EFBC}") = "Ada.UI.Wpf.ProgressManagement.Views", "Ada.UI.Wpf.ProgressManagement.Xaml\Ada.UI.Wpf.ProgressManagement.Views.csproj", "{8A639B1B-62C8-42D0-9D85-57912868B563}"
EndProject
Project("{FAE04EC0-301F-11D3-BF4B-00C04F79EFBC}") = "Ada.UI.Wpf.StartWindow.Views", "Ada.UI.Wpf.StartWindow.Views\Ada.UI.Wpf.StartWindow.Views.csproj", "{CC2342E7-669D-4FA5-AE9B-AC84E5BEDE1F}"
EndProject
Project("{FAE04EC0-301F-11D3-BF4B-00C04F79EFBC}") = "Ada.UI.Wpf.WorkspaceCleanUp.Views", "Ada.UI.Wpf.WorkspaceCleanUp.Views\Ada.UI.Wpf.WorkspaceCleanUp.Views.csproj", "{7489D64C-5863-4070-8DE5-623469BBC3EA}"
EndProject
Project("{FAE04EC0-301F-11D3-BF4B-00C04F79EFBC}") = "Ada.UI.Wpf.TableIndexViewer.ERGraph", "Ada.UI.Wpf.TableIndexViewer.ERGraph\Ada.UI.Wpf.TableIndexViewer.ERGraph.csproj", "{66508A31-A6FC-4FDA-BF3B-E7F09A65613C}"
EndProject
Project("{FAE04EC0-301F-11D3-BF4B-00C04F79EFBC}") = "Ada.UI.Wpf.TableIndexViewer.Views", "Ada.UI.Wpf.TableIndexViewer.Views\Ada.UI.Wpf.TableIndexViewer.Views.csproj", "{CA8693BE-0A9C-49C3-A0BA-2D4F932E988F}"
EndProject
Global
	GlobalSection(SolutionConfigurationPlatforms) = preSolution
		Debug 18000|Any CPU = Debug 18000|Any CPU
		Debug|Any CPU = Debug|Any CPU
		Installer|Any CPU = Installer|Any CPU
		Release|Any CPU = Release|Any CPU
		View|Any CPU = View|Any CPU
	EndGlobalSection
	GlobalSection(ProjectConfigurationPlatforms) = postSolution
		{F718A048-DC91-4344-9BF8-B8E1DA62EB7C}.Debug 18000|Any CPU.ActiveCfg = Debug 18000|Any CPU
		{F718A048-DC91-4344-9BF8-B8E1DA62EB7C}.Debug 18000|Any CPU.Build.0 = Debug 18000|Any CPU
		{F718A048-DC91-4344-9BF8-B8E1DA62EB7C}.Debug|Any CPU.ActiveCfg = Debug|Any CPU
		{F718A048-DC91-4344-9BF8-B8E1DA62EB7C}.Debug|Any CPU.Build.0 = Debug|Any CPU
		{F718A048-DC91-4344-9BF8-B8E1DA62EB7C}.Installer|Any CPU.ActiveCfg = Release|Any CPU
		{F718A048-DC91-4344-9BF8-B8E1DA62EB7C}.Installer|Any CPU.Build.0 = Release|Any CPU
		{F718A048-DC91-4344-9BF8-B8E1DA62EB7C}.Release|Any CPU.ActiveCfg = Release|Any CPU
		{F718A048-DC91-4344-9BF8-B8E1DA62EB7C}.Release|Any CPU.Build.0 = Release|Any CPU
		{F718A048-DC91-4344-9BF8-B8E1DA62EB7C}.View|Any CPU.ActiveCfg = Release|Any CPU
		{5E104C26-9269-4EEC-B910-7E3EE7C3AEE9}.Debug 18000|Any CPU.ActiveCfg = Debug|Any CPU
		{5E104C26-9269-4EEC-B910-7E3EE7C3AEE9}.Debug 18000|Any CPU.Build.0 = Debug|Any CPU
		{5E104C26-9269-4EEC-B910-7E3EE7C3AEE9}.Debug|Any CPU.ActiveCfg = Debug|Any CPU
		{5E104C26-9269-4EEC-B910-7E3EE7C3AEE9}.Debug|Any CPU.Build.0 = Debug|Any CPU
		{5E104C26-9269-4EEC-B910-7E3EE7C3AEE9}.Installer|Any CPU.ActiveCfg = Release|Any CPU
		{5E104C26-9269-4EEC-B910-7E3EE7C3AEE9}.Installer|Any CPU.Build.0 = Release|Any CPU
		{5E104C26-9269-4EEC-B910-7E3EE7C3AEE9}.Release|Any CPU.ActiveCfg = Release|Any CPU
		{5E104C26-9269-4EEC-B910-7E3EE7C3AEE9}.Release|Any CPU.Build.0 = Release|Any CPU
		{5E104C26-9269-4EEC-B910-7E3EE7C3AEE9}.View|Any CPU.ActiveCfg = View|Any CPU
		{5E104C26-9269-4EEC-B910-7E3EE7C3AEE9}.View|Any CPU.Build.0 = View|Any CPU
		{0CAC8293-953B-427C-AF1B-696F17C9B3C0}.Debug 18000|Any CPU.ActiveCfg = Debug|x86
		{0CAC8293-953B-427C-AF1B-696F17C9B3C0}.Debug|Any CPU.ActiveCfg = Debug|x86
		{0CAC8293-953B-427C-AF1B-696F17C9B3C0}.Installer|Any CPU.ActiveCfg = Release|x86
		{0CAC8293-953B-427C-AF1B-696F17C9B3C0}.Installer|Any CPU.Build.0 = Release|x86
		{0CAC8293-953B-427C-AF1B-696F17C9B3C0}.Release|Any CPU.ActiveCfg = Release|x86
		{0CAC8293-953B-427C-AF1B-696F17C9B3C0}.View|Any CPU.ActiveCfg = Release|x86
		{E7F28E50-CACB-4BCD-AA06-FF4BE312FB4D}.Debug 18000|Any CPU.ActiveCfg = Debug|Any CPU
		{E7F28E50-CACB-4BCD-AA06-FF4BE312FB4D}.Debug 18000|Any CPU.Build.0 = Debug|Any CPU
		{E7F28E50-CACB-4BCD-AA06-FF4BE312FB4D}.Debug|Any CPU.ActiveCfg = Debug|Any CPU
		{E7F28E50-CACB-4BCD-AA06-FF4BE312FB4D}.Debug|Any CPU.Build.0 = Debug|Any CPU
		{E7F28E50-CACB-4BCD-AA06-FF4BE312FB4D}.Installer|Any CPU.ActiveCfg = Release|Any CPU
		{E7F28E50-CACB-4BCD-AA06-FF4BE312FB4D}.Installer|Any CPU.Build.0 = Release|Any CPU
		{E7F28E50-CACB-4BCD-AA06-FF4BE312FB4D}.Release|Any CPU.ActiveCfg = Release|Any CPU
		{E7F28E50-CACB-4BCD-AA06-FF4BE312FB4D}.Release|Any CPU.Build.0 = Release|Any CPU
		{E7F28E50-CACB-4BCD-AA06-FF4BE312FB4D}.View|Any CPU.ActiveCfg = Debug|Any CPU
		{E7F28E50-CACB-4BCD-AA06-FF4BE312FB4D}.View|Any CPU.Build.0 = Debug|Any CPU
		{67F9FCFF-7AAA-4765-AB11-12349402DD50}.Debug 18000|Any CPU.ActiveCfg = Debug|Any CPU
		{67F9FCFF-7AAA-4765-AB11-12349402DD50}.Debug 18000|Any CPU.Build.0 = Debug|Any CPU
		{67F9FCFF-7AAA-4765-AB11-12349402DD50}.Debug|Any CPU.ActiveCfg = Debug|Any CPU
		{67F9FCFF-7AAA-4765-AB11-12349402DD50}.Debug|Any CPU.Build.0 = Debug|Any CPU
		{67F9FCFF-7AAA-4765-AB11-12349402DD50}.Installer|Any CPU.ActiveCfg = Release|Any CPU
		{67F9FCFF-7AAA-4765-AB11-12349402DD50}.Installer|Any CPU.Build.0 = Release|Any CPU
		{67F9FCFF-7AAA-4765-AB11-12349402DD50}.Release|Any CPU.ActiveCfg = Release|Any CPU
		{67F9FCFF-7AAA-4765-AB11-12349402DD50}.Release|Any CPU.Build.0 = Release|Any CPU
		{67F9FCFF-7AAA-4765-AB11-12349402DD50}.View|Any CPU.ActiveCfg = Debug|Any CPU
		{67F9FCFF-7AAA-4765-AB11-12349402DD50}.View|Any CPU.Build.0 = Debug|Any CPU
		{ABF39E6C-AAC5-4889-9212-C1FE3209970B}.Debug 18000|Any CPU.ActiveCfg = Debug|Any CPU
		{ABF39E6C-AAC5-4889-9212-C1FE3209970B}.Debug 18000|Any CPU.Build.0 = Debug|Any CPU
		{ABF39E6C-AAC5-4889-9212-C1FE3209970B}.Debug|Any CPU.ActiveCfg = Debug|Any CPU
		{ABF39E6C-AAC5-4889-9212-C1FE3209970B}.Debug|Any CPU.Build.0 = Debug|Any CPU
		{ABF39E6C-AAC5-4889-9212-C1FE3209970B}.Installer|Any CPU.ActiveCfg = Release|Any CPU
		{ABF39E6C-AAC5-4889-9212-C1FE3209970B}.Installer|Any CPU.Build.0 = Release|Any CPU
		{ABF39E6C-AAC5-4889-9212-C1FE3209970B}.Release|Any CPU.ActiveCfg = Release|Any CPU
		{ABF39E6C-AAC5-4889-9212-C1FE3209970B}.Release|Any CPU.Build.0 = Release|Any CPU
		{ABF39E6C-AAC5-4889-9212-C1FE3209970B}.View|Any CPU.ActiveCfg = Debug|Any CPU
		{ABF39E6C-AAC5-4889-9212-C1FE3209970B}.View|Any CPU.Build.0 = Debug|Any CPU
		{126225B6-C69B-4A69-AFF5-6EEB3C3C964B}.Debug 18000|Any CPU.ActiveCfg = Debug|Any CPU
		{126225B6-C69B-4A69-AFF5-6EEB3C3C964B}.Debug 18000|Any CPU.Build.0 = Debug|Any CPU
		{126225B6-C69B-4A69-AFF5-6EEB3C3C964B}.Debug|Any CPU.ActiveCfg = Debug|Any CPU
		{126225B6-C69B-4A69-AFF5-6EEB3C3C964B}.Debug|Any CPU.Build.0 = Debug|Any CPU
		{126225B6-C69B-4A69-AFF5-6EEB3C3C964B}.Installer|Any CPU.ActiveCfg = Release|Any CPU
		{126225B6-C69B-4A69-AFF5-6EEB3C3C964B}.Installer|Any CPU.Build.0 = Release|Any CPU
		{126225B6-C69B-4A69-AFF5-6EEB3C3C964B}.Release|Any CPU.ActiveCfg = Release|Any CPU
		{126225B6-C69B-4A69-AFF5-6EEB3C3C964B}.Release|Any CPU.Build.0 = Release|Any CPU
		{126225B6-C69B-4A69-AFF5-6EEB3C3C964B}.View|Any CPU.ActiveCfg = Debug|Any CPU
		{126225B6-C69B-4A69-AFF5-6EEB3C3C964B}.View|Any CPU.Build.0 = Debug|Any CPU
		{0A977BA0-EBD1-4775-BF86-17D74BDC3F09}.Debug 18000|Any CPU.ActiveCfg = Debug|Any CPU
		{0A977BA0-EBD1-4775-BF86-17D74BDC3F09}.Debug 18000|Any CPU.Build.0 = Debug|Any CPU
		{0A977BA0-EBD1-4775-BF86-17D74BDC3F09}.Debug|Any CPU.ActiveCfg = Debug|Any CPU
		{0A977BA0-EBD1-4775-BF86-17D74BDC3F09}.Installer|Any CPU.ActiveCfg = Release|Any CPU
		{0A977BA0-EBD1-4775-BF86-17D74BDC3F09}.Installer|Any CPU.Build.0 = Release|Any CPU
		{0A977BA0-EBD1-4775-BF86-17D74BDC3F09}.Release|Any CPU.ActiveCfg = Release|Any CPU
		{0A977BA0-EBD1-4775-BF86-17D74BDC3F09}.Release|Any CPU.Build.0 = Release|Any CPU
		{0A977BA0-EBD1-4775-BF86-17D74BDC3F09}.View|Any CPU.ActiveCfg = Release|Any CPU
		{5374B2CB-068D-4C00-ACA2-5120601995FC}.Debug 18000|Any CPU.ActiveCfg = Debug|Any CPU
		{5374B2CB-068D-4C00-ACA2-5120601995FC}.Debug 18000|Any CPU.Build.0 = Debug|Any CPU
		{5374B2CB-068D-4C00-ACA2-5120601995FC}.Debug|Any CPU.ActiveCfg = Debug|Any CPU
		{5374B2CB-068D-4C00-ACA2-5120601995FC}.Debug|Any CPU.Build.0 = Debug|Any CPU
		{5374B2CB-068D-4C00-ACA2-5120601995FC}.Installer|Any CPU.ActiveCfg = Release|Any CPU
		{5374B2CB-068D-4C00-ACA2-5120601995FC}.Installer|Any CPU.Build.0 = Release|Any CPU
		{5374B2CB-068D-4C00-ACA2-5120601995FC}.Release|Any CPU.ActiveCfg = Release|Any CPU
		{5374B2CB-068D-4C00-ACA2-5120601995FC}.Release|Any CPU.Build.0 = Release|Any CPU
		{5374B2CB-068D-4C00-ACA2-5120601995FC}.View|Any CPU.ActiveCfg = Release|Any CPU
		{53830426-DD08-41D4-9C0E-8F70D53CCAD7}.Debug 18000|Any CPU.ActiveCfg = Debug|Any CPU
		{53830426-DD08-41D4-9C0E-8F70D53CCAD7}.Debug 18000|Any CPU.Build.0 = Debug|Any CPU
		{53830426-DD08-41D4-9C0E-8F70D53CCAD7}.Debug|Any CPU.ActiveCfg = Debug|Any CPU
		{53830426-DD08-41D4-9C0E-8F70D53CCAD7}.Debug|Any CPU.Build.0 = Debug|Any CPU
		{53830426-DD08-41D4-9C0E-8F70D53CCAD7}.Installer|Any CPU.ActiveCfg = Release|Any CPU
		{53830426-DD08-41D4-9C0E-8F70D53CCAD7}.Installer|Any CPU.Build.0 = Release|Any CPU
		{53830426-DD08-41D4-9C0E-8F70D53CCAD7}.Release|Any CPU.ActiveCfg = Release|Any CPU
		{53830426-DD08-41D4-9C0E-8F70D53CCAD7}.Release|Any CPU.Build.0 = Release|Any CPU
		{53830426-DD08-41D4-9C0E-8F70D53CCAD7}.View|Any CPU.ActiveCfg = View|Any CPU
		{53830426-DD08-41D4-9C0E-8F70D53CCAD7}.View|Any CPU.Build.0 = View|Any CPU
		{B1436C6B-ABC3-45F9-B216-F5C3AD0C2478}.Debug 18000|Any CPU.ActiveCfg = Debug|Any CPU
		{B1436C6B-ABC3-45F9-B216-F5C3AD0C2478}.Debug 18000|Any CPU.Build.0 = Debug|Any CPU
		{B1436C6B-ABC3-45F9-B216-F5C3AD0C2478}.Debug|Any CPU.ActiveCfg = Debug|Any CPU
		{B1436C6B-ABC3-45F9-B216-F5C3AD0C2478}.Debug|Any CPU.Build.0 = Debug|Any CPU
		{B1436C6B-ABC3-45F9-B216-F5C3AD0C2478}.Installer|Any CPU.ActiveCfg = Release|Any CPU
		{B1436C6B-ABC3-45F9-B216-F5C3AD0C2478}.Installer|Any CPU.Build.0 = Release|Any CPU
		{B1436C6B-ABC3-45F9-B216-F5C3AD0C2478}.Release|Any CPU.ActiveCfg = Release|Any CPU
		{B1436C6B-ABC3-45F9-B216-F5C3AD0C2478}.Release|Any CPU.Build.0 = Release|Any CPU
		{B1436C6B-ABC3-45F9-B216-F5C3AD0C2478}.View|Any CPU.ActiveCfg = Debug|Any CPU
		{B1436C6B-ABC3-45F9-B216-F5C3AD0C2478}.View|Any CPU.Build.0 = Debug|Any CPU
		{CC6DED88-316E-430E-8F62-744766BF93CA}.Debug 18000|Any CPU.ActiveCfg = Debug|Any CPU
		{CC6DED88-316E-430E-8F62-744766BF93CA}.Debug 18000|Any CPU.Build.0 = Debug|Any CPU
		{CC6DED88-316E-430E-8F62-744766BF93CA}.Debug|Any CPU.ActiveCfg = Debug|Any CPU
		{CC6DED88-316E-430E-8F62-744766BF93CA}.Debug|Any CPU.Build.0 = Debug|Any CPU
		{CC6DED88-316E-430E-8F62-744766BF93CA}.Installer|Any CPU.ActiveCfg = Release|Any CPU
		{CC6DED88-316E-430E-8F62-744766BF93CA}.Installer|Any CPU.Build.0 = Release|Any CPU
		{CC6DED88-316E-430E-8F62-744766BF93CA}.Release|Any CPU.ActiveCfg = Release|Any CPU
		{CC6DED88-316E-430E-8F62-744766BF93CA}.Release|Any CPU.Build.0 = Release|Any CPU
		{CC6DED88-316E-430E-8F62-744766BF93CA}.View|Any CPU.ActiveCfg = Debug|Any CPU
		{CC6DED88-316E-430E-8F62-744766BF93CA}.View|Any CPU.Build.0 = Debug|Any CPU
		{3DB68CB3-3A0C-4667-A20C-A62D1E02B4C3}.Debug 18000|Any CPU.ActiveCfg = Debug|Any CPU
		{3DB68CB3-3A0C-4667-A20C-A62D1E02B4C3}.Debug 18000|Any CPU.Build.0 = Debug|Any CPU
		{3DB68CB3-3A0C-4667-A20C-A62D1E02B4C3}.Debug|Any CPU.ActiveCfg = Debug|Any CPU
		{3DB68CB3-3A0C-4667-A20C-A62D1E02B4C3}.Debug|Any CPU.Build.0 = Debug|Any CPU
		{3DB68CB3-3A0C-4667-A20C-A62D1E02B4C3}.Installer|Any CPU.ActiveCfg = Release|Any CPU
		{3DB68CB3-3A0C-4667-A20C-A62D1E02B4C3}.Installer|Any CPU.Build.0 = Release|Any CPU
		{3DB68CB3-3A0C-4667-A20C-A62D1E02B4C3}.Release|Any CPU.ActiveCfg = Release|Any CPU
		{3DB68CB3-3A0C-4667-A20C-A62D1E02B4C3}.Release|Any CPU.Build.0 = Release|Any CPU
		{3DB68CB3-3A0C-4667-A20C-A62D1E02B4C3}.View|Any CPU.ActiveCfg = Release|Any CPU
		{0D86EFD3-2667-4975-87B4-BA338017BE73}.Debug 18000|Any CPU.ActiveCfg = Debug|Any CPU
		{0D86EFD3-2667-4975-87B4-BA338017BE73}.Debug 18000|Any CPU.Build.0 = Debug|Any CPU
		{0D86EFD3-2667-4975-87B4-BA338017BE73}.Debug|Any CPU.ActiveCfg = Debug|Any CPU
		{0D86EFD3-2667-4975-87B4-BA338017BE73}.Debug|Any CPU.Build.0 = Debug|Any CPU
		{0D86EFD3-2667-4975-87B4-BA338017BE73}.Installer|Any CPU.ActiveCfg = Release|Any CPU
		{0D86EFD3-2667-4975-87B4-BA338017BE73}.Installer|Any CPU.Build.0 = Release|Any CPU
		{0D86EFD3-2667-4975-87B4-BA338017BE73}.Release|Any CPU.ActiveCfg = Release|Any CPU
		{0D86EFD3-2667-4975-87B4-BA338017BE73}.Release|Any CPU.Build.0 = Release|Any CPU
		{0D86EFD3-2667-4975-87B4-BA338017BE73}.View|Any CPU.ActiveCfg = Debug|Any CPU
		{0D86EFD3-2667-4975-87B4-BA338017BE73}.View|Any CPU.Build.0 = Debug|Any CPU
		{631C75F8-E1D5-423A-8D06-F5DDD07D217B}.Debug 18000|Any CPU.ActiveCfg = Debug|Any CPU
		{631C75F8-E1D5-423A-8D06-F5DDD07D217B}.Debug 18000|Any CPU.Build.0 = Debug|Any CPU
		{631C75F8-E1D5-423A-8D06-F5DDD07D217B}.Debug|Any CPU.ActiveCfg = Debug|Any CPU
		{631C75F8-E1D5-423A-8D06-F5DDD07D217B}.Debug|Any CPU.Build.0 = Debug|Any CPU
		{631C75F8-E1D5-423A-8D06-F5DDD07D217B}.Installer|Any CPU.ActiveCfg = Release|Any CPU
		{631C75F8-E1D5-423A-8D06-F5DDD07D217B}.Installer|Any CPU.Build.0 = Release|Any CPU
		{631C75F8-E1D5-423A-8D06-F5DDD07D217B}.Release|Any CPU.ActiveCfg = Release|Any CPU
		{631C75F8-E1D5-423A-8D06-F5DDD07D217B}.Release|Any CPU.Build.0 = Release|Any CPU
		{631C75F8-E1D5-423A-8D06-F5DDD07D217B}.View|Any CPU.ActiveCfg = Release|Any CPU
		{631C75F8-E1D5-423A-8D06-F5DDD07D217B}.View|Any CPU.Build.0 = Release|Any CPU
		{6EFB77E1-A1D4-401A-96B5-AC12F0E718E9}.Debug 18000|Any CPU.ActiveCfg = Debug|Any CPU
		{6EFB77E1-A1D4-401A-96B5-AC12F0E718E9}.Debug 18000|Any CPU.Build.0 = Debug|Any CPU
		{6EFB77E1-A1D4-401A-96B5-AC12F0E718E9}.Debug|Any CPU.ActiveCfg = Debug|Any CPU
		{6EFB77E1-A1D4-401A-96B5-AC12F0E718E9}.Debug|Any CPU.Build.0 = Debug|Any CPU
		{6EFB77E1-A1D4-401A-96B5-AC12F0E718E9}.Installer|Any CPU.ActiveCfg = Release|Any CPU
		{6EFB77E1-A1D4-401A-96B5-AC12F0E718E9}.Installer|Any CPU.Build.0 = Release|Any CPU
		{6EFB77E1-A1D4-401A-96B5-AC12F0E718E9}.Release|Any CPU.ActiveCfg = Release|Any CPU
		{6EFB77E1-A1D4-401A-96B5-AC12F0E718E9}.Release|Any CPU.Build.0 = Release|Any CPU
		{6EFB77E1-A1D4-401A-96B5-AC12F0E718E9}.View|Any CPU.ActiveCfg = Release|Any CPU
		{6EFB77E1-A1D4-401A-96B5-AC12F0E718E9}.View|Any CPU.Build.0 = Release|Any CPU
		{D1A00354-8FDB-4876-8FB7-62E53264B077}.Debug 18000|Any CPU.ActiveCfg = Debug|Any CPU
		{D1A00354-8FDB-4876-8FB7-62E53264B077}.Debug 18000|Any CPU.Build.0 = Debug|Any CPU
		{D1A00354-8FDB-4876-8FB7-62E53264B077}.Debug|Any CPU.ActiveCfg = Debug|Any CPU
		{D1A00354-8FDB-4876-8FB7-62E53264B077}.Debug|Any CPU.Build.0 = Debug|Any CPU
		{D1A00354-8FDB-4876-8FB7-62E53264B077}.Installer|Any CPU.ActiveCfg = Release|Any CPU
		{D1A00354-8FDB-4876-8FB7-62E53264B077}.Installer|Any CPU.Build.0 = Release|Any CPU
		{D1A00354-8FDB-4876-8FB7-62E53264B077}.Release|Any CPU.ActiveCfg = Release|Any CPU
		{D1A00354-8FDB-4876-8FB7-62E53264B077}.Release|Any CPU.Build.0 = Release|Any CPU
		{D1A00354-8FDB-4876-8FB7-62E53264B077}.View|Any CPU.ActiveCfg = Release|Any CPU
		{D1A00354-8FDB-4876-8FB7-62E53264B077}.View|Any CPU.Build.0 = Release|Any CPU
		{5F0E76B4-EFB6-4D36-8476-1599CFD6F3B6}.Debug 18000|Any CPU.ActiveCfg = Debug|Any CPU
		{5F0E76B4-EFB6-4D36-8476-1599CFD6F3B6}.Debug 18000|Any CPU.Build.0 = Debug|Any CPU
		{5F0E76B4-EFB6-4D36-8476-1599CFD6F3B6}.Debug|Any CPU.ActiveCfg = Debug|Any CPU
		{5F0E76B4-EFB6-4D36-8476-1599CFD6F3B6}.Debug|Any CPU.Build.0 = Debug|Any CPU
		{5F0E76B4-EFB6-4D36-8476-1599CFD6F3B6}.Installer|Any CPU.ActiveCfg = Release|Any CPU
		{5F0E76B4-EFB6-4D36-8476-1599CFD6F3B6}.Installer|Any CPU.Build.0 = Release|Any CPU
		{5F0E76B4-EFB6-4D36-8476-1599CFD6F3B6}.Release|Any CPU.ActiveCfg = Release|Any CPU
		{5F0E76B4-EFB6-4D36-8476-1599CFD6F3B6}.Release|Any CPU.Build.0 = Release|Any CPU
		{5F0E76B4-EFB6-4D36-8476-1599CFD6F3B6}.View|Any CPU.ActiveCfg = Release|Any CPU
		{5F0E76B4-EFB6-4D36-8476-1599CFD6F3B6}.View|Any CPU.Build.0 = Release|Any CPU
		{2227C382-2454-4EBE-B8D0-15AF33D01562}.Debug 18000|Any CPU.ActiveCfg = Debug|Any CPU
		{2227C382-2454-4EBE-B8D0-15AF33D01562}.Debug 18000|Any CPU.Build.0 = Debug|Any CPU
		{2227C382-2454-4EBE-B8D0-15AF33D01562}.Debug|Any CPU.ActiveCfg = Debug|Any CPU
		{2227C382-2454-4EBE-B8D0-15AF33D01562}.Debug|Any CPU.Build.0 = Debug|Any CPU
		{2227C382-2454-4EBE-B8D0-15AF33D01562}.Installer|Any CPU.ActiveCfg = Release|Any CPU
		{2227C382-2454-4EBE-B8D0-15AF33D01562}.Installer|Any CPU.Build.0 = Release|Any CPU
		{2227C382-2454-4EBE-B8D0-15AF33D01562}.Release|Any CPU.ActiveCfg = Release|Any CPU
		{2227C382-2454-4EBE-B8D0-15AF33D01562}.Release|Any CPU.Build.0 = Release|Any CPU
		{2227C382-2454-4EBE-B8D0-15AF33D01562}.View|Any CPU.ActiveCfg = Release|Any CPU
		{2227C382-2454-4EBE-B8D0-15AF33D01562}.View|Any CPU.Build.0 = Release|Any CPU
		{3A99246C-3868-4B96-BB55-F4E78B394A76}.Debug 18000|Any CPU.ActiveCfg = Debug|Any CPU
		{3A99246C-3868-4B96-BB55-F4E78B394A76}.Debug 18000|Any CPU.Build.0 = Debug|Any CPU
		{3A99246C-3868-4B96-BB55-F4E78B394A76}.Debug|Any CPU.ActiveCfg = Debug|Any CPU
		{3A99246C-3868-4B96-BB55-F4E78B394A76}.Debug|Any CPU.Build.0 = Debug|Any CPU
		{3A99246C-3868-4B96-BB55-F4E78B394A76}.Installer|Any CPU.ActiveCfg = Release|Any CPU
		{3A99246C-3868-4B96-BB55-F4E78B394A76}.Installer|Any CPU.Build.0 = Release|Any CPU
		{3A99246C-3868-4B96-BB55-F4E78B394A76}.Release|Any CPU.ActiveCfg = Release|Any CPU
		{3A99246C-3868-4B96-BB55-F4E78B394A76}.Release|Any CPU.Build.0 = Release|Any CPU
		{3A99246C-3868-4B96-BB55-F4E78B394A76}.View|Any CPU.ActiveCfg = Release|Any CPU
		{3A99246C-3868-4B96-BB55-F4E78B394A76}.View|Any CPU.Build.0 = Release|Any CPU
		{9C1DF36E-2F87-405A-8C59-DB6CA6A4A067}.Debug 18000|Any CPU.ActiveCfg = Debug|Any CPU
		{9C1DF36E-2F87-405A-8C59-DB6CA6A4A067}.Debug 18000|Any CPU.Build.0 = Debug|Any CPU
		{9C1DF36E-2F87-405A-8C59-DB6CA6A4A067}.Debug|Any CPU.ActiveCfg = Debug|Any CPU
		{9C1DF36E-2F87-405A-8C59-DB6CA6A4A067}.Debug|Any CPU.Build.0 = Debug|Any CPU
		{9C1DF36E-2F87-405A-8C59-DB6CA6A4A067}.Installer|Any CPU.ActiveCfg = Release|Any CPU
		{9C1DF36E-2F87-405A-8C59-DB6CA6A4A067}.Installer|Any CPU.Build.0 = Release|Any CPU
		{9C1DF36E-2F87-405A-8C59-DB6CA6A4A067}.Release|Any CPU.ActiveCfg = Release|Any CPU
		{9C1DF36E-2F87-405A-8C59-DB6CA6A4A067}.Release|Any CPU.Build.0 = Release|Any CPU
		{9C1DF36E-2F87-405A-8C59-DB6CA6A4A067}.View|Any CPU.ActiveCfg = Release|Any CPU
		{9C1DF36E-2F87-405A-8C59-DB6CA6A4A067}.View|Any CPU.Build.0 = Release|Any CPU
		{D360B6E4-787F-4B02-A4A9-8D9010E2CBFE}.Debug 18000|Any CPU.ActiveCfg = Debug|Any CPU
		{D360B6E4-787F-4B02-A4A9-8D9010E2CBFE}.Debug 18000|Any CPU.Build.0 = Debug|Any CPU
		{D360B6E4-787F-4B02-A4A9-8D9010E2CBFE}.Debug|Any CPU.ActiveCfg = Debug|Any CPU
		{D360B6E4-787F-4B02-A4A9-8D9010E2CBFE}.Debug|Any CPU.Build.0 = Debug|Any CPU
		{D360B6E4-787F-4B02-A4A9-8D9010E2CBFE}.Installer|Any CPU.ActiveCfg = Release|Any CPU
		{D360B6E4-787F-4B02-A4A9-8D9010E2CBFE}.Installer|Any CPU.Build.0 = Release|Any CPU
		{D360B6E4-787F-4B02-A4A9-8D9010E2CBFE}.Release|Any CPU.ActiveCfg = Release|Any CPU
		{D360B6E4-787F-4B02-A4A9-8D9010E2CBFE}.Release|Any CPU.Build.0 = Release|Any CPU
		{D360B6E4-787F-4B02-A4A9-8D9010E2CBFE}.View|Any CPU.ActiveCfg = Release|Any CPU
		{D360B6E4-787F-4B02-A4A9-8D9010E2CBFE}.View|Any CPU.Build.0 = Release|Any CPU
		{8881D59C-D1CD-4D0E-8B3E-82CBC1F5488E}.Debug 18000|Any CPU.ActiveCfg = Debug|Any CPU
		{8881D59C-D1CD-4D0E-8B3E-82CBC1F5488E}.Debug 18000|Any CPU.Build.0 = Debug|Any CPU
		{8881D59C-D1CD-4D0E-8B3E-82CBC1F5488E}.Debug|Any CPU.ActiveCfg = Debug|Any CPU
		{8881D59C-D1CD-4D0E-8B3E-82CBC1F5488E}.Debug|Any CPU.Build.0 = Debug|Any CPU
		{8881D59C-D1CD-4D0E-8B3E-82CBC1F5488E}.Installer|Any CPU.ActiveCfg = Release|Any CPU
		{8881D59C-D1CD-4D0E-8B3E-82CBC1F5488E}.Installer|Any CPU.Build.0 = Release|Any CPU
		{8881D59C-D1CD-4D0E-8B3E-82CBC1F5488E}.Release|Any CPU.ActiveCfg = Release|Any CPU
		{8881D59C-D1CD-4D0E-8B3E-82CBC1F5488E}.Release|Any CPU.Build.0 = Release|Any CPU
		{8881D59C-D1CD-4D0E-8B3E-82CBC1F5488E}.View|Any CPU.ActiveCfg = Release|Any CPU
		{8881D59C-D1CD-4D0E-8B3E-82CBC1F5488E}.View|Any CPU.Build.0 = Release|Any CPU
		{04F3ADBA-2674-40F9-83FB-D9F7E5E59B1D}.Debug 18000|Any CPU.ActiveCfg = Debug|Any CPU
		{04F3ADBA-2674-40F9-83FB-D9F7E5E59B1D}.Debug 18000|Any CPU.Build.0 = Debug|Any CPU
		{04F3ADBA-2674-40F9-83FB-D9F7E5E59B1D}.Debug|Any CPU.ActiveCfg = Debug|Any CPU
		{04F3ADBA-2674-40F9-83FB-D9F7E5E59B1D}.Debug|Any CPU.Build.0 = Debug|Any CPU
		{04F3ADBA-2674-40F9-83FB-D9F7E5E59B1D}.Installer|Any CPU.ActiveCfg = Release|Any CPU
		{04F3ADBA-2674-40F9-83FB-D9F7E5E59B1D}.Installer|Any CPU.Build.0 = Release|Any CPU
		{04F3ADBA-2674-40F9-83FB-D9F7E5E59B1D}.Release|Any CPU.ActiveCfg = Release|Any CPU
		{04F3ADBA-2674-40F9-83FB-D9F7E5E59B1D}.Release|Any CPU.Build.0 = Release|Any CPU
		{04F3ADBA-2674-40F9-83FB-D9F7E5E59B1D}.View|Any CPU.ActiveCfg = Release|Any CPU
		{04F3ADBA-2674-40F9-83FB-D9F7E5E59B1D}.View|Any CPU.Build.0 = Release|Any CPU
		{FBE3057E-3843-4EEE-B526-4238350F38B6}.Debug 18000|Any CPU.ActiveCfg = Debug|Any CPU
		{FBE3057E-3843-4EEE-B526-4238350F38B6}.Debug 18000|Any CPU.Build.0 = Debug|Any CPU
		{FBE3057E-3843-4EEE-B526-4238350F38B6}.Debug|Any CPU.ActiveCfg = Debug|Any CPU
		{FBE3057E-3843-4EEE-B526-4238350F38B6}.Debug|Any CPU.Build.0 = Debug|Any CPU
		{FBE3057E-3843-4EEE-B526-4238350F38B6}.Installer|Any CPU.ActiveCfg = Release|Any CPU
		{FBE3057E-3843-4EEE-B526-4238350F38B6}.Installer|Any CPU.Build.0 = Release|Any CPU
		{FBE3057E-3843-4EEE-B526-4238350F38B6}.Release|Any CPU.ActiveCfg = Release|Any CPU
		{FBE3057E-3843-4EEE-B526-4238350F38B6}.Release|Any CPU.Build.0 = Release|Any CPU
		{FBE3057E-3843-4EEE-B526-4238350F38B6}.View|Any CPU.ActiveCfg = Debug|Any CPU
		{FBE3057E-3843-4EEE-B526-4238350F38B6}.View|Any CPU.Build.0 = Debug|Any CPU
		{AD4ED55A-98EF-4CBA-9F86-A17466F75E98}.Debug 18000|Any CPU.ActiveCfg = Debug|Any CPU
		{AD4ED55A-98EF-4CBA-9F86-A17466F75E98}.Debug 18000|Any CPU.Build.0 = Debug|Any CPU
		{AD4ED55A-98EF-4CBA-9F86-A17466F75E98}.Debug|Any CPU.ActiveCfg = Debug|Any CPU
		{AD4ED55A-98EF-4CBA-9F86-A17466F75E98}.Debug|Any CPU.Build.0 = Debug|Any CPU
		{AD4ED55A-98EF-4CBA-9F86-A17466F75E98}.Installer|Any CPU.ActiveCfg = Release|Any CPU
		{AD4ED55A-98EF-4CBA-9F86-A17466F75E98}.Installer|Any CPU.Build.0 = Release|Any CPU
		{AD4ED55A-98EF-4CBA-9F86-A17466F75E98}.Release|Any CPU.ActiveCfg = Release|Any CPU
		{AD4ED55A-98EF-4CBA-9F86-A17466F75E98}.Release|Any CPU.Build.0 = Release|Any CPU
		{AD4ED55A-98EF-4CBA-9F86-A17466F75E98}.View|Any CPU.ActiveCfg = Debug|Any CPU
		{AD4ED55A-98EF-4CBA-9F86-A17466F75E98}.View|Any CPU.Build.0 = Debug|Any CPU
		{F8E0D414-3191-4C64-AAC1-B7FB4A857553}.Debug 18000|Any CPU.ActiveCfg = Debug|Any CPU
		{F8E0D414-3191-4C64-AAC1-B7FB4A857553}.Debug 18000|Any CPU.Build.0 = Debug|Any CPU
		{F8E0D414-3191-4C64-AAC1-B7FB4A857553}.Debug|Any CPU.ActiveCfg = Debug|Any CPU
		{F8E0D414-3191-4C64-AAC1-B7FB4A857553}.Debug|Any CPU.Build.0 = Debug|Any CPU
		{F8E0D414-3191-4C64-AAC1-B7FB4A857553}.Installer|Any CPU.ActiveCfg = Release|Any CPU
		{F8E0D414-3191-4C64-AAC1-B7FB4A857553}.Installer|Any CPU.Build.0 = Release|Any CPU
		{F8E0D414-3191-4C64-AAC1-B7FB4A857553}.Release|Any CPU.ActiveCfg = Release|Any CPU
		{F8E0D414-3191-4C64-AAC1-B7FB4A857553}.Release|Any CPU.Build.0 = Release|Any CPU
		{F8E0D414-3191-4C64-AAC1-B7FB4A857553}.View|Any CPU.ActiveCfg = Debug|Any CPU
		{F8E0D414-3191-4C64-AAC1-B7FB4A857553}.View|Any CPU.Build.0 = Debug|Any CPU
		{BBE4A868-5A00-45F4-B648-D2F2843C2F53}.Debug 18000|Any CPU.ActiveCfg = Debug|Any CPU
		{BBE4A868-5A00-45F4-B648-D2F2843C2F53}.Debug 18000|Any CPU.Build.0 = Debug|Any CPU
		{BBE4A868-5A00-45F4-B648-D2F2843C2F53}.Debug|Any CPU.ActiveCfg = Debug|Any CPU
		{BBE4A868-5A00-45F4-B648-D2F2843C2F53}.Debug|Any CPU.Build.0 = Debug|Any CPU
		{BBE4A868-5A00-45F4-B648-D2F2843C2F53}.Installer|Any CPU.ActiveCfg = Release|Any CPU
		{BBE4A868-5A00-45F4-B648-D2F2843C2F53}.Installer|Any CPU.Build.0 = Release|Any CPU
		{BBE4A868-5A00-45F4-B648-D2F2843C2F53}.Release|Any CPU.ActiveCfg = Release|Any CPU
		{BBE4A868-5A00-45F4-B648-D2F2843C2F53}.Release|Any CPU.Build.0 = Release|Any CPU
		{BBE4A868-5A00-45F4-B648-D2F2843C2F53}.View|Any CPU.ActiveCfg = Release|Any CPU
		{BBE4A868-5A00-45F4-B648-D2F2843C2F53}.View|Any CPU.Build.0 = Release|Any CPU
		{26ACEBD2-B01E-44AD-B933-E0EF9062853D}.Debug 18000|Any CPU.ActiveCfg = Debug|Any CPU
		{26ACEBD2-B01E-44AD-B933-E0EF9062853D}.Debug 18000|Any CPU.Build.0 = Debug|Any CPU
		{26ACEBD2-B01E-44AD-B933-E0EF9062853D}.Debug|Any CPU.ActiveCfg = Debug|Any CPU
		{26ACEBD2-B01E-44AD-B933-E0EF9062853D}.Debug|Any CPU.Build.0 = Debug|Any CPU
		{26ACEBD2-B01E-44AD-B933-E0EF9062853D}.Installer|Any CPU.ActiveCfg = Release|Any CPU
		{26ACEBD2-B01E-44AD-B933-E0EF9062853D}.Installer|Any CPU.Build.0 = Release|Any CPU
		{26ACEBD2-B01E-44AD-B933-E0EF9062853D}.Release|Any CPU.ActiveCfg = Release|Any CPU
		{26ACEBD2-B01E-44AD-B933-E0EF9062853D}.Release|Any CPU.Build.0 = Release|Any CPU
		{26ACEBD2-B01E-44AD-B933-E0EF9062853D}.View|Any CPU.ActiveCfg = Release|Any CPU
		{26ACEBD2-B01E-44AD-B933-E0EF9062853D}.View|Any CPU.Build.0 = Release|Any CPU
		{A5399344-E5E8-4D58-88C0-414BA21EDBB8}.Debug 18000|Any CPU.ActiveCfg = Debug|Any CPU
		{A5399344-E5E8-4D58-88C0-414BA21EDBB8}.Debug 18000|Any CPU.Build.0 = Debug|Any CPU
		{A5399344-E5E8-4D58-88C0-414BA21EDBB8}.Debug|Any CPU.ActiveCfg = Debug|Any CPU
		{A5399344-E5E8-4D58-88C0-414BA21EDBB8}.Debug|Any CPU.Build.0 = Debug|Any CPU
		{A5399344-E5E8-4D58-88C0-414BA21EDBB8}.Installer|Any CPU.ActiveCfg = Release|Any CPU
		{A5399344-E5E8-4D58-88C0-414BA21EDBB8}.Installer|Any CPU.Build.0 = Release|Any CPU
		{A5399344-E5E8-4D58-88C0-414BA21EDBB8}.Release|Any CPU.ActiveCfg = Release|Any CPU
		{A5399344-E5E8-4D58-88C0-414BA21EDBB8}.Release|Any CPU.Build.0 = Release|Any CPU
		{A5399344-E5E8-4D58-88C0-414BA21EDBB8}.View|Any CPU.ActiveCfg = Debug|Any CPU
		{A5399344-E5E8-4D58-88C0-414BA21EDBB8}.View|Any CPU.Build.0 = Debug|Any CPU
		{4ED9FC30-4E89-411D-A3CA-C0A8C88A9D82}.Debug 18000|Any CPU.ActiveCfg = Debug|Any CPU
		{4ED9FC30-4E89-411D-A3CA-C0A8C88A9D82}.Debug 18000|Any CPU.Build.0 = Debug|Any CPU
		{4ED9FC30-4E89-411D-A3CA-C0A8C88A9D82}.Debug|Any CPU.ActiveCfg = Debug|Any CPU
		{4ED9FC30-4E89-411D-A3CA-C0A8C88A9D82}.Debug|Any CPU.Build.0 = Debug|Any CPU
		{4ED9FC30-4E89-411D-A3CA-C0A8C88A9D82}.Installer|Any CPU.ActiveCfg = Release|Any CPU
		{4ED9FC30-4E89-411D-A3CA-C0A8C88A9D82}.Release|Any CPU.ActiveCfg = Release|Any CPU
		{4ED9FC30-4E89-411D-A3CA-C0A8C88A9D82}.Release|Any CPU.Build.0 = Release|Any CPU
		{4ED9FC30-4E89-411D-A3CA-C0A8C88A9D82}.View|Any CPU.ActiveCfg = Release|Any CPU
		{4ED9FC30-4E89-411D-A3CA-C0A8C88A9D82}.View|Any CPU.Build.0 = Release|Any CPU
		{70873A72-E805-4305-8072-DEC4BC3F109B}.Debug 18000|Any CPU.ActiveCfg = Debug|Any CPU
		{70873A72-E805-4305-8072-DEC4BC3F109B}.Debug 18000|Any CPU.Build.0 = Debug|Any CPU
		{70873A72-E805-4305-8072-DEC4BC3F109B}.Debug|Any CPU.ActiveCfg = Debug|Any CPU
		{70873A72-E805-4305-8072-DEC4BC3F109B}.Debug|Any CPU.Build.0 = Debug|Any CPU
		{70873A72-E805-4305-8072-DEC4BC3F109B}.Installer|Any CPU.ActiveCfg = Release|Any CPU
		{70873A72-E805-4305-8072-DEC4BC3F109B}.Installer|Any CPU.Build.0 = Release|Any CPU
		{70873A72-E805-4305-8072-DEC4BC3F109B}.Release|Any CPU.ActiveCfg = Release|Any CPU
		{70873A72-E805-4305-8072-DEC4BC3F109B}.Release|Any CPU.Build.0 = Release|Any CPU
		{70873A72-E805-4305-8072-DEC4BC3F109B}.View|Any CPU.ActiveCfg = Release|Any CPU
		{70873A72-E805-4305-8072-DEC4BC3F109B}.View|Any CPU.Build.0 = Release|Any CPU
		{7913D2EE-4751-461B-BC0D-79956A01DC48}.Debug 18000|Any CPU.ActiveCfg = Debug|Any CPU
		{7913D2EE-4751-461B-BC0D-79956A01DC48}.Debug 18000|Any CPU.Build.0 = Debug|Any CPU
		{7913D2EE-4751-461B-BC0D-79956A01DC48}.Debug|Any CPU.ActiveCfg = Debug|Any CPU
		{7913D2EE-4751-461B-BC0D-79956A01DC48}.Debug|Any CPU.Build.0 = Debug|Any CPU
		{7913D2EE-4751-461B-BC0D-79956A01DC48}.Installer|Any CPU.ActiveCfg = Release|Any CPU
		{7913D2EE-4751-461B-BC0D-79956A01DC48}.Installer|Any CPU.Build.0 = Release|Any CPU
		{7913D2EE-4751-461B-BC0D-79956A01DC48}.Release|Any CPU.ActiveCfg = Release|Any CPU
		{7913D2EE-4751-461B-BC0D-79956A01DC48}.Release|Any CPU.Build.0 = Release|Any CPU
		{7913D2EE-4751-461B-BC0D-79956A01DC48}.View|Any CPU.ActiveCfg = Release|Any CPU
		{7913D2EE-4751-461B-BC0D-79956A01DC48}.View|Any CPU.Build.0 = Release|Any CPU
		{C3A251B2-E671-496D-AA86-ED30A3814601}.Debug 18000|Any CPU.ActiveCfg = Debug|Any CPU
		{C3A251B2-E671-496D-AA86-ED30A3814601}.Debug 18000|Any CPU.Build.0 = Debug|Any CPU
		{C3A251B2-E671-496D-AA86-ED30A3814601}.Debug|Any CPU.ActiveCfg = Debug|Any CPU
		{C3A251B2-E671-496D-AA86-ED30A3814601}.Debug|Any CPU.Build.0 = Debug|Any CPU
		{C3A251B2-E671-496D-AA86-ED30A3814601}.Installer|Any CPU.ActiveCfg = Release|Any CPU
		{C3A251B2-E671-496D-AA86-ED30A3814601}.Installer|Any CPU.Build.0 = Release|Any CPU
		{C3A251B2-E671-496D-AA86-ED30A3814601}.Release|Any CPU.ActiveCfg = Release|Any CPU
		{C3A251B2-E671-496D-AA86-ED30A3814601}.Release|Any CPU.Build.0 = Release|Any CPU
		{C3A251B2-E671-496D-AA86-ED30A3814601}.View|Any CPU.ActiveCfg = Release|Any CPU
		{C3A251B2-E671-496D-AA86-ED30A3814601}.View|Any CPU.Build.0 = Release|Any CPU
		{3D1EDCCE-C4D7-4E77-9E1C-1A689D188A9A}.Debug 18000|Any CPU.ActiveCfg = Debug|x64
		{3D1EDCCE-C4D7-4E77-9E1C-1A689D188A9A}.Debug|Any CPU.ActiveCfg = Debug|x64
		{3D1EDCCE-C4D7-4E77-9E1C-1A689D188A9A}.Installer|Any CPU.ActiveCfg = Release|x64
		{3D1EDCCE-C4D7-4E77-9E1C-1A689D188A9A}.Release|Any CPU.ActiveCfg = Release|x64
		{3D1EDCCE-C4D7-4E77-9E1C-1A689D188A9A}.View|Any CPU.ActiveCfg = Release|x64
		{DBBA6BD2-A530-4963-AB55-28DC09792428}.Debug 18000|Any CPU.ActiveCfg = Debug|Any CPU
		{DBBA6BD2-A530-4963-AB55-28DC09792428}.Debug 18000|Any CPU.Build.0 = Debug|Any CPU
		{DBBA6BD2-A530-4963-AB55-28DC09792428}.Debug|Any CPU.ActiveCfg = Debug|Any CPU
		{DBBA6BD2-A530-4963-AB55-28DC09792428}.Debug|Any CPU.Build.0 = Debug|Any CPU
		{DBBA6BD2-A530-4963-AB55-28DC09792428}.Installer|Any CPU.ActiveCfg = Release|Any CPU
		{DBBA6BD2-A530-4963-AB55-28DC09792428}.Installer|Any CPU.Build.0 = Release|Any CPU
		{DBBA6BD2-A530-4963-AB55-28DC09792428}.Release|Any CPU.ActiveCfg = Release|Any CPU
		{DBBA6BD2-A530-4963-AB55-28DC09792428}.Release|Any CPU.Build.0 = Release|Any CPU
		{DBBA6BD2-A530-4963-AB55-28DC09792428}.View|Any CPU.ActiveCfg = Release|Any CPU
		{DBBA6BD2-A530-4963-AB55-28DC09792428}.View|Any CPU.Build.0 = Release|Any CPU
		{8A639B1B-62C8-42D0-9D85-57912868B563}.Debug 18000|Any CPU.ActiveCfg = Debug|Any CPU
		{8A639B1B-62C8-42D0-9D85-57912868B563}.Debug 18000|Any CPU.Build.0 = Debug|Any CPU
		{8A639B1B-62C8-42D0-9D85-57912868B563}.Debug|Any CPU.ActiveCfg = Debug|Any CPU
		{8A639B1B-62C8-42D0-9D85-57912868B563}.Debug|Any CPU.Build.0 = Debug|Any CPU
		{8A639B1B-62C8-42D0-9D85-57912868B563}.Installer|Any CPU.ActiveCfg = Release|Any CPU
		{8A639B1B-62C8-42D0-9D85-57912868B563}.Installer|Any CPU.Build.0 = Release|Any CPU
		{8A639B1B-62C8-42D0-9D85-57912868B563}.Release|Any CPU.ActiveCfg = Release|Any CPU
		{8A639B1B-62C8-42D0-9D85-57912868B563}.Release|Any CPU.Build.0 = Release|Any CPU
		{8A639B1B-62C8-42D0-9D85-57912868B563}.View|Any CPU.ActiveCfg = Release|Any CPU
		{8A639B1B-62C8-42D0-9D85-57912868B563}.View|Any CPU.Build.0 = Release|Any CPU
		{CC2342E7-669D-4FA5-AE9B-AC84E5BEDE1F}.Debug 18000|Any CPU.ActiveCfg = Debug|Any CPU
		{CC2342E7-669D-4FA5-AE9B-AC84E5BEDE1F}.Debug 18000|Any CPU.Build.0 = Debug|Any CPU
		{CC2342E7-669D-4FA5-AE9B-AC84E5BEDE1F}.Debug|Any CPU.ActiveCfg = Debug|Any CPU
		{CC2342E7-669D-4FA5-AE9B-AC84E5BEDE1F}.Debug|Any CPU.Build.0 = Debug|Any CPU
		{CC2342E7-669D-4FA5-AE9B-AC84E5BEDE1F}.Installer|Any CPU.ActiveCfg = Release|Any CPU
		{CC2342E7-669D-4FA5-AE9B-AC84E5BEDE1F}.Installer|Any CPU.Build.0 = Release|Any CPU
		{CC2342E7-669D-4FA5-AE9B-AC84E5BEDE1F}.Release|Any CPU.ActiveCfg = Release|Any CPU
		{CC2342E7-669D-4FA5-AE9B-AC84E5BEDE1F}.Release|Any CPU.Build.0 = Release|Any CPU
		{CC2342E7-669D-4FA5-AE9B-AC84E5BEDE1F}.View|Any CPU.ActiveCfg = Release|Any CPU
		{CC2342E7-669D-4FA5-AE9B-AC84E5BEDE1F}.View|Any CPU.Build.0 = Release|Any CPU
		{7489D64C-5863-4070-8DE5-623469BBC3EA}.Debug 18000|Any CPU.ActiveCfg = Debug|Any CPU
		{7489D64C-5863-4070-8DE5-623469BBC3EA}.Debug 18000|Any CPU.Build.0 = Debug|Any CPU
		{7489D64C-5863-4070-8DE5-623469BBC3EA}.Debug|Any CPU.ActiveCfg = Debug|Any CPU
		{7489D64C-5863-4070-8DE5-623469BBC3EA}.Debug|Any CPU.Build.0 = Debug|Any CPU
		{7489D64C-5863-4070-8DE5-623469BBC3EA}.Installer|Any CPU.ActiveCfg = Release|Any CPU
		{7489D64C-5863-4070-8DE5-623469BBC3EA}.Installer|Any CPU.Build.0 = Release|Any CPU
		{7489D64C-5863-4070-8DE5-623469BBC3EA}.Release|Any CPU.ActiveCfg = Release|Any CPU
		{7489D64C-5863-4070-8DE5-623469BBC3EA}.Release|Any CPU.Build.0 = Release|Any CPU
		{7489D64C-5863-4070-8DE5-623469BBC3EA}.View|Any CPU.ActiveCfg = Release|Any CPU
		{7489D64C-5863-4070-8DE5-623469BBC3EA}.View|Any CPU.Build.0 = Release|Any CPU
		{66508A31-A6FC-4FDA-BF3B-E7F09A65613C}.Debug 18000|Any CPU.ActiveCfg = Debug|Any CPU
		{66508A31-A6FC-4FDA-BF3B-E7F09A65613C}.Debug 18000|Any CPU.Build.0 = Debug|Any CPU
		{66508A31-A6FC-4FDA-BF3B-E7F09A65613C}.Debug|Any CPU.ActiveCfg = Debug|Any CPU
		{66508A31-A6FC-4FDA-BF3B-E7F09A65613C}.Debug|Any CPU.Build.0 = Debug|Any CPU
		{66508A31-A6FC-4FDA-BF3B-E7F09A65613C}.Installer|Any CPU.ActiveCfg = Release|Any CPU
		{66508A31-A6FC-4FDA-BF3B-E7F09A65613C}.Installer|Any CPU.Build.0 = Release|Any CPU
		{66508A31-A6FC-4FDA-BF3B-E7F09A65613C}.Release|Any CPU.ActiveCfg = Release|Any CPU
		{66508A31-A6FC-4FDA-BF3B-E7F09A65613C}.Release|Any CPU.Build.0 = Release|Any CPU
		{66508A31-A6FC-4FDA-BF3B-E7F09A65613C}.View|Any CPU.ActiveCfg = Release|Any CPU
		{66508A31-A6FC-4FDA-BF3B-E7F09A65613C}.View|Any CPU.Build.0 = Release|Any CPU
		{CA8693BE-0A9C-49C3-A0BA-2D4F932E988F}.Debug 18000|Any CPU.ActiveCfg = Debug|Any CPU
		{CA8693BE-0A9C-49C3-A0BA-2D4F932E988F}.Debug 18000|Any CPU.Build.0 = Debug|Any CPU
		{CA8693BE-0A9C-49C3-A0BA-2D4F932E988F}.Debug|Any CPU.ActiveCfg = Debug|Any CPU
		{CA8693BE-0A9C-49C3-A0BA-2D4F932E988F}.Debug|Any CPU.Build.0 = Debug|Any CPU
		{CA8693BE-0A9C-49C3-A0BA-2D4F932E988F}.Installer|Any CPU.ActiveCfg = Release|Any CPU
		{CA8693BE-0A9C-49C3-A0BA-2D4F932E988F}.Installer|Any CPU.Build.0 = Release|Any CPU
		{CA8693BE-0A9C-49C3-A0BA-2D4F932E988F}.Release|Any CPU.ActiveCfg = Release|Any CPU
		{CA8693BE-0A9C-49C3-A0BA-2D4F932E988F}.Release|Any CPU.Build.0 = Release|Any CPU
		{CA8693BE-0A9C-49C3-A0BA-2D4F932E988F}.View|Any CPU.ActiveCfg = Release|Any CPU
		{CA8693BE-0A9C-49C3-A0BA-2D4F932E988F}.View|Any CPU.Build.0 = Release|Any CPU
	EndGlobalSection
	GlobalSection(SolutionProperties) = preSolution
		HideSolutionNode = FALSE
	EndGlobalSection
	GlobalSection(NestedProjects) = preSolution
		{0A977BA0-EBD1-4775-BF86-17D74BDC3F09} = {54871E1B-3265-475A-8A35-9CAED0DEC16F}
		{5374B2CB-068D-4C00-ACA2-5120601995FC} = {54871E1B-3265-475A-8A35-9CAED0DEC16F}
		{53830426-DD08-41D4-9C0E-8F70D53CCAD7} = {41571D96-457D-41D1-B9DA-F7EA52F1818E}
		{3DB68CB3-3A0C-4667-A20C-A62D1E02B4C3} = {41571D96-457D-41D1-B9DA-F7EA52F1818E}
		{0D86EFD3-2667-4975-87B4-BA338017BE73} = {54871E1B-3265-475A-8A35-9CAED0DEC16F}
		{D1A00354-8FDB-4876-8FB7-62E53264B077} = {0955A7C9-0682-4E67-A092-0427F6573593}
		{5F0E76B4-EFB6-4D36-8476-1599CFD6F3B6} = {0955A7C9-0682-4E67-A092-0427F6573593}
		{2227C382-2454-4EBE-B8D0-15AF33D01562} = {0955A7C9-0682-4E67-A092-0427F6573593}
		{9C1DF36E-2F87-405A-8C59-DB6CA6A4A067} = {C2BA1E31-5B56-4287-90AA-5C16B556A668}
		{D360B6E4-787F-4B02-A4A9-8D9010E2CBFE} = {C2BA1E31-5B56-4287-90AA-5C16B556A668}
		{FBE3057E-3843-4EEE-B526-4238350F38B6} = {54871E1B-3265-475A-8A35-9CAED0DEC16F}
		{AD4ED55A-98EF-4CBA-9F86-A17466F75E98} = {54871E1B-3265-475A-8A35-9CAED0DEC16F}
		{F8E0D414-3191-4C64-AAC1-B7FB4A857553} = {41571D96-457D-41D1-B9DA-F7EA52F1818E}
		{BBE4A868-5A00-45F4-B648-D2F2843C2F53} = {1FE4C134-895C-44D9-AE7D-F12C0D226325}
		{26ACEBD2-B01E-44AD-B933-E0EF9062853D} = {1FE4C134-895C-44D9-AE7D-F12C0D226325}
		{A5399344-E5E8-4D58-88C0-414BA21EDBB8} = {41571D96-457D-41D1-B9DA-F7EA52F1818E}
		{4ED9FC30-4E89-411D-A3CA-C0A8C88A9D82} = {54871E1B-3265-475A-8A35-9CAED0DEC16F}
		{7913D2EE-4751-461B-BC0D-79956A01DC48} = {C2BA1E31-5B56-4287-90AA-5C16B556A668}
		{C3A251B2-E671-496D-AA86-ED30A3814601} = {41571D96-457D-41D1-B9DA-F7EA52F1818E}
		{DBBA6BD2-A530-4963-AB55-28DC09792428} = {41571D96-457D-41D1-B9DA-F7EA52F1818E}
		{8A639B1B-62C8-42D0-9D85-57912868B563} = {41571D96-457D-41D1-B9DA-F7EA52F1818E}
		{CC2342E7-669D-4FA5-AE9B-AC84E5BEDE1F} = {41571D96-457D-41D1-B9DA-F7EA52F1818E}
		{7489D64C-5863-4070-8DE5-623469BBC3EA} = {41571D96-457D-41D1-B9DA-F7EA52F1818E}
		{66508A31-A6FC-4FDA-BF3B-E7F09A65613C} = {41571D96-457D-41D1-B9DA-F7EA52F1818E}
		{CA8693BE-0A9C-49C3-A0BA-2D4F932E988F} = {41571D96-457D-41D1-B9DA-F7EA52F1818E}
	EndGlobalSection
	GlobalSection(ExtensibilityGlobals) = postSolution
		SolutionGuid = {59964587-0D99-45E1-A37C-22BE137A2CB3}
	EndGlobalSection
	GlobalSection(Performance) = preSolution
		HasPerformanceSessions = true
	EndGlobalSection
EndGlobal
